
Microsoft Visual Studio Solution File, Format Version 12.00
# Visual Studio Version 17
VisualStudioVersion = 17.5.33402.96
MinimumVisualStudioVersion = 10.0.40219.1
Project("{9A19103F-16F7-4668-BE54-9A1E7A4F7556}") = "ASiNet.IO", "ASiNet.IO\ASiNet.IO.csproj", "{B41F7C2B-6474-40C9-8CCD-76ABCFBFB36D}"
EndProject
Project("{FAE04EC0-301F-11D3-BF4B-00C04F79EFBC}") = "ASiNet.IO.Test", "ASiNet.IO.Test\ASiNet.IO.Test.csproj", "{71243288-832A-43EB-A3B9-128CF90DE06F}"
EndProject
Global
	GlobalSection(SolutionConfigurationPlatforms) = preSolution
		Debug|Any CPU = Debug|Any CPU
		Release|Any CPU = Release|Any CPU
	EndGlobalSection
	GlobalSection(ProjectConfigurationPlatforms) = postSolution
		{B41F7C2B-6474-40C9-8CCD-76ABCFBFB36D}.Debug|Any CPU.ActiveCfg = Debug|Any CPU
		{B41F7C2B-6474-40C9-8CCD-76ABCFBFB36D}.Debug|Any CPU.Build.0 = Debug|Any CPU
		{B41F7C2B-6474-40C9-8CCD-76ABCFBFB36D}.Release|Any CPU.ActiveCfg = Release|Any CPU
		{B41F7C2B-6474-40C9-8CCD-76ABCFBFB36D}.Release|Any CPU.Build.0 = Release|Any CPU
		{71243288-832A-43EB-A3B9-128CF90DE06F}.Debug|Any CPU.ActiveCfg = Debug|Any CPU
		{71243288-832A-43EB-A3B9-128CF90DE06F}.Debug|Any CPU.Build.0 = Debug|Any CPU
		{71243288-832A-43EB-A3B9-128CF90DE06F}.Release|Any CPU.ActiveCfg = Release|Any CPU
		{71243288-832A-43EB-A3B9-128CF90DE06F}.Release|Any CPU.Build.0 = Release|Any CPU
	EndGlobalSection
	GlobalSection(SolutionProperties) = preSolution
		HideSolutionNode = FALSE
	EndGlobalSection
	GlobalSection(ExtensibilityGlobals) = postSolution
		SolutionGuid = {A8405460-6025-44C2-8FAC-E91D6BC2B1AE}
	EndGlobalSection
EndGlobal
